
Microsoft Visual Studio Solution File, Format Version 12.00
# Visual Studio Version 17
VisualStudioVersion = 17.0.31903.59
MinimumVisualStudioVersion = 10.0.40219.1
Project("{2150E333-8FDC-42A3-9474-1A3956D46DE8}") = "src", "src", "{279CE514-3FED-4DFA-99B2-11FE67F14AD4}"
EndProject
Project("{2150E333-8FDC-42A3-9474-1A3956D46DE8}") = "1 - Presentation", "1 - Presentation", "{1ADA9F49-49CC-47E2-8D0F-58AFC4DAD063}"
EndProject
Project("{FAE04EC0-301F-11D3-BF4B-00C04F79EFBC}") = "Sqs.Consumer.WebJob", "Sqs.Consumer.WebJob\Sqs.Consumer.WebJob.csproj", "{13F6CF31-4172-4398-957E-575D7CC66231}"
EndProject
Global
	GlobalSection(SolutionConfigurationPlatforms) = preSolution
		Debug|Any CPU = Debug|Any CPU
		Release|Any CPU = Release|Any CPU
	EndGlobalSection
	GlobalSection(ProjectConfigurationPlatforms) = postSolution
		{13F6CF31-4172-4398-957E-575D7CC66231}.Debug|Any CPU.ActiveCfg = Debug|Any CPU
		{13F6CF31-4172-4398-957E-575D7CC66231}.Debug|Any CPU.Build.0 = Debug|Any CPU
		{13F6CF31-4172-4398-957E-575D7CC66231}.Release|Any CPU.ActiveCfg = Release|Any CPU
		{13F6CF31-4172-4398-957E-575D7CC66231}.Release|Any CPU.Build.0 = Release|Any CPU
	EndGlobalSection
	GlobalSection(SolutionProperties) = preSolution
		HideSolutionNode = FALSE
	EndGlobalSection
	GlobalSection(NestedProjects) = preSolution
		{1ADA9F49-49CC-47E2-8D0F-58AFC4DAD063} = {279CE514-3FED-4DFA-99B2-11FE67F14AD4}
		{13F6CF31-4172-4398-957E-575D7CC66231} = {1ADA9F49-49CC-47E2-8D0F-58AFC4DAD063}
	EndGlobalSection
	GlobalSection(ExtensibilityGlobals) = postSolution
		SolutionGuid = {A5F12202-E91C-4A86-8691-C81C92EF6D45}
	EndGlobalSection
EndGlobal
